// !$*UTF8*$!
{
	archiveVersion = 1;
	classes = {
	};
	objectVersion = 77;
	objects = {

/* Begin PBXBuildFile section */
		0601E56FB1A70616612E1A98 /* MeetingListView.swift in Sources */ = {isa = PBXBuildFile; fileRef = A685F7F5BA510E51768863C4 /* MeetingListView.swift */; };
		07771D95580B1D8A534B91E6 /* InfoPlist.xcstrings in Resources */ = {isa = PBXBuildFile; fileRef = 6A42B7422CD0DB4F1D061C4F /* InfoPlist.xcstrings */; };
		16EDB292344280FA83425875 /* DevSpecOptions.swift in Sources */ = {isa = PBXBuildFile; fileRef = 9F3A5055F859670B474A817C /* DevSpecOptions.swift */; };
		18969BE10AB3A8FD314F7E9E /* Transcriber.swift in Sources */ = {isa = PBXBuildFile; fileRef = F2EB094440EC56682557B5D9 /* Transcriber.swift */; };
		1B4FD7A0638D94512D2C9848 /* DevSpecsView.swift in Sources */ = {isa = PBXBuildFile; fileRef = 3D2682F7F0402FA58A64EA32 /* DevSpecsView.swift */; };
		2421E83DB73237C9D0AD86E6 /* MeetingStore.swift in Sources */ = {isa = PBXBuildFile; fileRef = 2110331B49B783A39E9A3CB8 /* MeetingStore.swift */; };
		2958E98D5F6B1B20203D62BE /* OnboardingHeroLoop.mp4 in Resources */ = {isa = PBXBuildFile; fileRef = 9568403501DBB7E311F1F121 /* OnboardingHeroLoop.mp4 */; };
		2A1384CBCE6B6B831331654B /* OnboardingPermissionPanel.swift in Sources */ = {isa = PBXBuildFile; fileRef = AAF19B579B74C48F61B77A4A /* OnboardingPermissionPanel.swift */; };
		2E5C0030FE75F6392E2C7D56 /* CallLinkDetector.swift in Sources */ = {isa = PBXBuildFile; fileRef = B8646A7D11647B6100B6EE01 /* CallLinkDetector.swift */; };
		3900E8D7EEEC8912B14F4836 /* SummaryPresets.swift in Sources */ = {isa = PBXBuildFile; fileRef = A0D69A1935811A656C177589 /* SummaryPresets.swift */; };
		43ED93A76A107CB3610BA687 /* SystemAudioCapture.swift in Sources */ = {isa = PBXBuildFile; fileRef = 4134A08311B55D705F0939A7 /* SystemAudioCapture.swift */; };
		47474091E590DAEDD4F566A2 /* Summarizer.swift in Sources */ = {isa = PBXBuildFile; fileRef = 9D48DBB76E0BF35A27FF2B72 /* Summarizer.swift */; };
		4B5AF987111AF660E1336E82 /* RecordingView.swift in Sources */ = {isa = PBXBuildFile; fileRef = 572FEF7D43BC0B9826A6BA43 /* RecordingView.swift */; };
		4BA65A3914FC5DFBAC801F18 /* AudioDevices.swift in Sources */ = {isa = PBXBuildFile; fileRef = 344DD95D7D8E76CFB90FE357 /* AudioDevices.swift */; };
		4DC3CF5FF542629007292617 /* SettingsView.swift in Sources */ = {isa = PBXBuildFile; fileRef = 5812FF85E2A118A4CD275DA2 /* SettingsView.swift */; };
		5EC9968DF751E8EA58652ECF /* CMSampleBuffer+PCM.swift in Sources */ = {isa = PBXBuildFile; fileRef = 7B091EBDD6399870B8B4DD6C /* CMSampleBuffer+PCM.swift */; };
		5F54C2DB952F5275C9D4741C /* PermissionsManager.swift in Sources */ = {isa = PBXBuildFile; fileRef = EA45B03615C733382CA326C8 /* PermissionsManager.swift */; };
		661BD9294BA1AF00E2F45C3C /* TranscribeApp.swift in Sources */ = {isa = PBXBuildFile; fileRef = 547BE9AED3DB2683E7130780 /* TranscribeApp.swift */; };
		78F01AE488073D43E90A6D9A /* Meeting.swift in Sources */ = {isa = PBXBuildFile; fileRef = 432B4400C5021E5C869167F6 /* Meeting.swift */; };
		7AA930F4D2C8C505A7BA6C38 /* Localizable.xcstrings in Resources */ = {isa = PBXBuildFile; fileRef = 3E6BF1BB1EDE71D2AD9748AA /* Localizable.xcstrings */; };
		7B39F63DDDD68B01B4C89C8A /* TranscriberTests.swift in Sources */ = {isa = PBXBuildFile; fileRef = 5DEF59A3A087DA2113BD2577 /* TranscriberTests.swift */; };
		7C4AE2D4DFBA5DF2F7BFDB94 /* ClaudeCodeRunner.swift in Sources */ = {isa = PBXBuildFile; fileRef = 0751705434954A6908FEAE67 /* ClaudeCodeRunner.swift */; };
		7D03266FBC98528DD8178676 /* ConfirmationDialogs.swift in Sources */ = {isa = PBXBuildFile; fileRef = C2CBCFF03C743AD3FEAF7CEC /* ConfirmationDialogs.swift */; };
		82208D9CA85E881952EC331E /* DevSpec.swift in Sources */ = {isa = PBXBuildFile; fileRef = B73CB04555C443174D6A385E /* DevSpec.swift */; };
		85B5D351E886D41C0E8218AD /* MeetingExporter.swift in Sources */ = {isa = PBXBuildFile; fileRef = 328B1C830BB08C870B0C1F30 /* MeetingExporter.swift */; };
		8CF2DE3041A64B6DD0C6543F /* MeetingSummary.swift in Sources */ = {isa = PBXBuildFile; fileRef = CB1A8E36AA8C6A47846C635E /* MeetingSummary.swift */; };
		9745299149072E243D1A7439 /* AppState.swift in Sources */ = {isa = PBXBuildFile; fileRef = 1052142EC8ED61A73D15EE78 /* AppState.swift */; };
		9A50F57DF9AFEA370A6343B3 /* LoopingVideoView.swift in Sources */ = {isa = PBXBuildFile; fileRef = 17186FF951D2F992866C7937 /* LoopingVideoView.swift */; };
		9B861A15AA31CC9BA5BDE815 /* MicrophoneCapture.swift in Sources */ = {isa = PBXBuildFile; fileRef = 3BC29C99BF592150DD66F8A6 /* MicrophoneCapture.swift */; };
		A6466ED9DEC68E7D6C7D4107 /* PermissionPolicyTests.swift in Sources */ = {isa = PBXBuildFile; fileRef = AB9C336BF0A5FCC815AE0DCF /* PermissionPolicyTests.swift */; };
		C375B6CC4DB7D5AFF4436E37 /* MenuBarView.swift in Sources */ = {isa = PBXBuildFile; fileRef = 06CCF9BEAEABFF77B1156892 /* MenuBarView.swift */; };
		C3E24234EE07E3063587AEF7 /* CallLinkDetectorTests.swift in Sources */ = {isa = PBXBuildFile; fileRef = BD738AD36CCD64B8522BDEA5 /* CallLinkDetectorTests.swift */; };
		CBD78366B7F3A34C72C5E38A /* MeetingDetailView.swift in Sources */ = {isa = PBXBuildFile; fileRef = AB2A51506BBE8BC72261072A /* MeetingDetailView.swift */; };
		D67E4AD60A05135E2AFDC89C /* ClaudeCodeRunnerTests.swift in Sources */ = {isa = PBXBuildFile; fileRef = EC885558B9CD7EA837E906BE /* ClaudeCodeRunnerTests.swift */; };
		DA53F7F8D9139F12C53C46FE /* RootView.swift in Sources */ = {isa = PBXBuildFile; fileRef = CB3AB0AF6C1BBF70B2ABE160 /* RootView.swift */; };
		DCA4464EF68A847A6F2815F7 /* CalendarMonitor.swift in Sources */ = {isa = PBXBuildFile; fileRef = 02BAFC10225EA2EAFADC5905 /* CalendarMonitor.swift */; };
		DD405BDFD63B533C843F2374 /* RecordingSession.swift in Sources */ = {isa = PBXBuildFile; fileRef = 3BA07D1F2C3BF99DE5139873 /* RecordingSession.swift */; };
		E725174DE2E37527D772E68C /* Assets.xcassets in Resources */ = {isa = PBXBuildFile; fileRef = D26FFC1863524AFAC3F4C04B /* Assets.xcassets */; };
		F1739070C90111900A73D835 /* TranscriptBubbles.swift in Sources */ = {isa = PBXBuildFile; fileRef = ADBC8B16BA9DD5690D2A0A92 /* TranscriptBubbles.swift */; };
		F6F23B79CF3389C543937164 /* DevSpecsTips.swift in Sources */ = {isa = PBXBuildFile; fileRef = F2D01B87F01D7B77266D1714 /* DevSpecsTips.swift */; };
		FB19DF90BA400BB6ECEFF92C /* SummarizerTests.swift in Sources */ = {isa = PBXBuildFile; fileRef = A20BB97011516746BE543477 /* SummarizerTests.swift */; };
		FB5E38D67E0A9AC3456B2ADB /* OnboardingView.swift in Sources */ = {isa = PBXBuildFile; fileRef = 64DCF3BF5A013561B1842837 /* OnboardingView.swift */; };
/* End PBXBuildFile section */

/* Begin PBXContainerItemProxy section */
		EA1978AF996DAA60CF95C861 /* PBXContainerItemProxy */ = {
			isa = PBXContainerItemProxy;
			containerPortal = 2DBF70E5C0A563F5311472A7 /* Project object */;
			proxyType = 1;
			remoteGlobalIDString = 9C087B0DF682F0E55E463859;
			remoteInfo = Transcribe;
		};
/* End PBXContainerItemProxy section */

/* Begin PBXFileReference section */
		02BAFC10225EA2EAFADC5905 /* CalendarMonitor.swift */ = {isa = PBXFileReference; lastKnownFileType = sourcecode.swift; path = CalendarMonitor.swift; sourceTree = "<group>"; };
		0416E8F937C4ACCF68EF72A2 /* TranscribeTests.xctest */ = {isa = PBXFileReference; explicitFileType = wrapper.cfbundle; includeInIndex = 0; path = TranscribeTests.xctest; sourceTree = BUILT_PRODUCTS_DIR; };
		06CCF9BEAEABFF77B1156892 /* MenuBarView.swift */ = {isa = PBXFileReference; lastKnownFileType = sourcecode.swift; path = MenuBarView.swift; sourceTree = "<group>"; };
		0751705434954A6908FEAE67 /* ClaudeCodeRunner.swift */ = {isa = PBXFileReference; lastKnownFileType = sourcecode.swift; path = ClaudeCodeRunner.swift; sourceTree = "<group>"; };
		1052142EC8ED61A73D15EE78 /* AppState.swift */ = {isa = PBXFileReference; lastKnownFileType = sourcecode.swift; path = AppState.swift; sourceTree = "<group>"; };
		17186FF951D2F992866C7937 /* LoopingVideoView.swift */ = {isa = PBXFileReference; lastKnownFileType = sourcecode.swift; path = LoopingVideoView.swift; sourceTree = "<group>"; };
		2110331B49B783A39E9A3CB8 /* MeetingStore.swift */ = {isa = PBXFileReference; lastKnownFileType = sourcecode.swift; path = MeetingStore.swift; sourceTree = "<group>"; };
		328B1C830BB08C870B0C1F30 /* MeetingExporter.swift */ = {isa = PBXFileReference; lastKnownFileType = sourcecode.swift; path = MeetingExporter.swift; sourceTree = "<group>"; };
		344DD95D7D8E76CFB90FE357 /* AudioDevices.swift */ = {isa = PBXFileReference; lastKnownFileType = sourcecode.swift; path = AudioDevices.swift; sourceTree = "<group>"; };
		3BA07D1F2C3BF99DE5139873 /* RecordingSession.swift */ = {isa = PBXFileReference; lastKnownFileType = sourcecode.swift; path = RecordingSession.swift; sourceTree = "<group>"; };
		3BC29C99BF592150DD66F8A6 /* MicrophoneCapture.swift */ = {isa = PBXFileReference; lastKnownFileType = sourcecode.swift; path = MicrophoneCapture.swift; sourceTree = "<group>"; };
		3D2682F7F0402FA58A64EA32 /* DevSpecsView.swift */ = {isa = PBXFileReference; lastKnownFileType = sourcecode.swift; path = DevSpecsView.swift; sourceTree = "<group>"; };
		3D5D1F6F0BA4814D510824ED /* Transcribe.app */ = {isa = PBXFileReference; explicitFileType = wrapper.application; includeInIndex = 0; path = Transcribe.app; sourceTree = BUILT_PRODUCTS_DIR; };
		3E6BF1BB1EDE71D2AD9748AA /* Localizable.xcstrings */ = {isa = PBXFileReference; lastKnownFileType = text.json.xcstrings; path = Localizable.xcstrings; sourceTree = "<group>"; };
		4134A08311B55D705F0939A7 /* SystemAudioCapture.swift */ = {isa = PBXFileReference; lastKnownFileType = sourcecode.swift; path = SystemAudioCapture.swift; sourceTree = "<group>"; };
		432B4400C5021E5C869167F6 /* Meeting.swift */ = {isa = PBXFileReference; lastKnownFileType = sourcecode.swift; path = Meeting.swift; sourceTree = "<group>"; };
		547BE9AED3DB2683E7130780 /* TranscribeApp.swift */ = {isa = PBXFileReference; lastKnownFileType = sourcecode.swift; path = TranscribeApp.swift; sourceTree = "<group>"; };
		572FEF7D43BC0B9826A6BA43 /* RecordingView.swift */ = {isa = PBXFileReference; lastKnownFileType = sourcecode.swift; path = RecordingView.swift; sourceTree = "<group>"; };
		5812FF85E2A118A4CD275DA2 /* SettingsView.swift */ = {isa = PBXFileReference; lastKnownFileType = sourcecode.swift; path = SettingsView.swift; sourceTree = "<group>"; };
		5DEF59A3A087DA2113BD2577 /* TranscriberTests.swift */ = {isa = PBXFileReference; lastKnownFileType = sourcecode.swift; path = TranscriberTests.swift; sourceTree = "<group>"; };
		64DCF3BF5A013561B1842837 /* OnboardingView.swift */ = {isa = PBXFileReference; lastKnownFileType = sourcecode.swift; path = OnboardingView.swift; sourceTree = "<group>"; };
		6A42B7422CD0DB4F1D061C4F /* InfoPlist.xcstrings */ = {isa = PBXFileReference; lastKnownFileType = text.json.xcstrings; path = InfoPlist.xcstrings; sourceTree = "<group>"; };
		7B091EBDD6399870B8B4DD6C /* CMSampleBuffer+PCM.swift */ = {isa = PBXFileReference; lastKnownFileType = sourcecode.swift; path = "CMSampleBuffer+PCM.swift"; sourceTree = "<group>"; };
		93F55AFDD7822EBF1457958A /* Info.plist */ = {isa = PBXFileReference; lastKnownFileType = text.plist; path = Info.plist; sourceTree = "<group>"; };
		9568403501DBB7E311F1F121 /* OnboardingHeroLoop.mp4 */ = {isa = PBXFileReference; path = OnboardingHeroLoop.mp4; sourceTree = "<group>"; };
		9D48DBB76E0BF35A27FF2B72 /* Summarizer.swift */ = {isa = PBXFileReference; lastKnownFileType = sourcecode.swift; path = Summarizer.swift; sourceTree = "<group>"; };
		9F3A5055F859670B474A817C /* DevSpecOptions.swift */ = {isa = PBXFileReference; lastKnownFileType = sourcecode.swift; path = DevSpecOptions.swift; sourceTree = "<group>"; };
		A0D69A1935811A656C177589 /* SummaryPresets.swift */ = {isa = PBXFileReference; lastKnownFileType = sourcecode.swift; path = SummaryPresets.swift; sourceTree = "<group>"; };
		A20BB97011516746BE543477 /* SummarizerTests.swift */ = {isa = PBXFileReference; lastKnownFileType = sourcecode.swift; path = SummarizerTests.swift; sourceTree = "<group>"; };
		A685F7F5BA510E51768863C4 /* MeetingListView.swift */ = {isa = PBXFileReference; lastKnownFileType = sourcecode.swift; path = MeetingListView.swift; sourceTree = "<group>"; };
		AAF19B579B74C48F61B77A4A /* OnboardingPermissionPanel.swift */ = {isa = PBXFileReference; lastKnownFileType = sourcecode.swift; path = OnboardingPermissionPanel.swift; sourceTree = "<group>"; };
		AB2A51506BBE8BC72261072A /* MeetingDetailView.swift */ = {isa = PBXFileReference; lastKnownFileType = sourcecode.swift; path = MeetingDetailView.swift; sourceTree = "<group>"; };
		AB9C336BF0A5FCC815AE0DCF /* PermissionPolicyTests.swift */ = {isa = PBXFileReference; lastKnownFileType = sourcecode.swift; path = PermissionPolicyTests.swift; sourceTree = "<group>"; };
		ADBC8B16BA9DD5690D2A0A92 /* TranscriptBubbles.swift */ = {isa = PBXFileReference; lastKnownFileType = sourcecode.swift; path = TranscriptBubbles.swift; sourceTree = "<group>"; };
		B73CB04555C443174D6A385E /* DevSpec.swift */ = {isa = PBXFileReference; lastKnownFileType = sourcecode.swift; path = DevSpec.swift; sourceTree = "<group>"; };
		B8646A7D11647B6100B6EE01 /* CallLinkDetector.swift */ = {isa = PBXFileReference; lastKnownFileType = sourcecode.swift; path = CallLinkDetector.swift; sourceTree = "<group>"; };
		BD738AD36CCD64B8522BDEA5 /* CallLinkDetectorTests.swift */ = {isa = PBXFileReference; lastKnownFileType = sourcecode.swift; path = CallLinkDetectorTests.swift; sourceTree = "<group>"; };
		C2CBCFF03C743AD3FEAF7CEC /* ConfirmationDialogs.swift */ = {isa = PBXFileReference; lastKnownFileType = sourcecode.swift; path = ConfirmationDialogs.swift; sourceTree = "<group>"; };
		CB1A8E36AA8C6A47846C635E /* MeetingSummary.swift */ = {isa = PBXFileReference; lastKnownFileType = sourcecode.swift; path = MeetingSummary.swift; sourceTree = "<group>"; };
		CB3AB0AF6C1BBF70B2ABE160 /* RootView.swift */ = {isa = PBXFileReference; lastKnownFileType = sourcecode.swift; path = RootView.swift; sourceTree = "<group>"; };
		D26FFC1863524AFAC3F4C04B /* Assets.xcassets */ = {isa = PBXFileReference; lastKnownFileType = folder.assetcatalog; path = Assets.xcassets; sourceTree = "<group>"; };
		EA45B03615C733382CA326C8 /* PermissionsManager.swift */ = {isa = PBXFileReference; lastKnownFileType = sourcecode.swift; path = PermissionsManager.swift; sourceTree = "<group>"; };
		EC885558B9CD7EA837E906BE /* ClaudeCodeRunnerTests.swift */ = {isa = PBXFileReference; lastKnownFileType = sourcecode.swift; path = ClaudeCodeRunnerTests.swift; sourceTree = "<group>"; };
		F2D01B87F01D7B77266D1714 /* DevSpecsTips.swift */ = {isa = PBXFileReference; lastKnownFileType = sourcecode.swift; path = DevSpecsTips.swift; sourceTree = "<group>"; };
		F2EB094440EC56682557B5D9 /* Transcriber.swift */ = {isa = PBXFileReference; lastKnownFileType = sourcecode.swift; path = Transcriber.swift; sourceTree = "<group>"; };
/* End PBXFileReference section */

/* Begin PBXGroup section */
		0A10C391296C93318D1ADF3B /* Products */ = {
			isa = PBXGroup;
			children = (
				3D5D1F6F0BA4814D510824ED /* Transcribe.app */,
				0416E8F937C4ACCF68EF72A2 /* TranscribeTests.xctest */,
			);
			name = Products;
			sourceTree = "<group>";
		};
		35D300C57CF5CD93A50DFD21 /* App */ = {
			isa = PBXGroup;
			children = (
				1052142EC8ED61A73D15EE78 /* AppState.swift */,
				547BE9AED3DB2683E7130780 /* TranscribeApp.swift */,
			);
			path = App;
			sourceTree = "<group>";
		};
		41B3AD1DCEB3B5F21B47839E /* Models */ = {
			isa = PBXGroup;
			children = (
				B73CB04555C443174D6A385E /* DevSpec.swift */,
				9F3A5055F859670B474A817C /* DevSpecOptions.swift */,
				432B4400C5021E5C869167F6 /* Meeting.swift */,
				CB1A8E36AA8C6A47846C635E /* MeetingSummary.swift */,
			);
			path = Models;
			sourceTree = "<group>";
		};
		5E5D5467EF2C43DFC6447FFE /* TranscribeTests */ = {
			isa = PBXGroup;
			children = (
				BD738AD36CCD64B8522BDEA5 /* CallLinkDetectorTests.swift */,
				EC885558B9CD7EA837E906BE /* ClaudeCodeRunnerTests.swift */,
				AB9C336BF0A5FCC815AE0DCF /* PermissionPolicyTests.swift */,
				A20BB97011516746BE543477 /* SummarizerTests.swift */,
				5DEF59A3A087DA2113BD2577 /* TranscriberTests.swift */,
			);
			path = TranscribeTests;
			sourceTree = "<group>";
		};
		870ED3BB74D80AACBCACA1E7 /* Services */ = {
			isa = PBXGroup;
			children = (
				344DD95D7D8E76CFB90FE357 /* AudioDevices.swift */,
				02BAFC10225EA2EAFADC5905 /* CalendarMonitor.swift */,
				B8646A7D11647B6100B6EE01 /* CallLinkDetector.swift */,
				0751705434954A6908FEAE67 /* ClaudeCodeRunner.swift */,
				7B091EBDD6399870B8B4DD6C /* CMSampleBuffer+PCM.swift */,
				328B1C830BB08C870B0C1F30 /* MeetingExporter.swift */,
				3BC29C99BF592150DD66F8A6 /* MicrophoneCapture.swift */,
				EA45B03615C733382CA326C8 /* PermissionsManager.swift */,
				3BA07D1F2C3BF99DE5139873 /* RecordingSession.swift */,
				9D48DBB76E0BF35A27FF2B72 /* Summarizer.swift */,
				A0D69A1935811A656C177589 /* SummaryPresets.swift */,
				4134A08311B55D705F0939A7 /* SystemAudioCapture.swift */,
				F2EB094440EC56682557B5D9 /* Transcriber.swift */,
			);
			path = Services;
			sourceTree = "<group>";
		};
		A83E6C35A0815260DFE8B414 /* Sources */ = {
			isa = PBXGroup;
			children = (
				E1858354EF8E47D221F556C4 /* Transcribe */,
			);
			path = Sources;
			sourceTree = "<group>";
		};
		AE24239CCEC7D4833E8675E4 /* Storage */ = {
			isa = PBXGroup;
			children = (
				2110331B49B783A39E9A3CB8 /* MeetingStore.swift */,
			);
			path = Storage;
			sourceTree = "<group>";
		};
		C0D954AD8F67B5F867A59DE3 = {
			isa = PBXGroup;
			children = (
				A83E6C35A0815260DFE8B414 /* Sources */,
				C44CAD5A0AA75ED92223BC7C /* Tests */,
				0A10C391296C93318D1ADF3B /* Products */,
			);
			sourceTree = "<group>";
		};
		C44CAD5A0AA75ED92223BC7C /* Tests */ = {
			isa = PBXGroup;
			children = (
				5E5D5467EF2C43DFC6447FFE /* TranscribeTests */,
			);
			path = Tests;
			sourceTree = "<group>";
		};
		DF4A2198F11CFD39AB4D1D21 /* Views */ = {
			isa = PBXGroup;
			children = (
				C2CBCFF03C743AD3FEAF7CEC /* ConfirmationDialogs.swift */,
				F2D01B87F01D7B77266D1714 /* DevSpecsTips.swift */,
				3D2682F7F0402FA58A64EA32 /* DevSpecsView.swift */,
				17186FF951D2F992866C7937 /* LoopingVideoView.swift */,
				AB2A51506BBE8BC72261072A /* MeetingDetailView.swift */,
				A685F7F5BA510E51768863C4 /* MeetingListView.swift */,
				06CCF9BEAEABFF77B1156892 /* MenuBarView.swift */,
				AAF19B579B74C48F61B77A4A /* OnboardingPermissionPanel.swift */,
				64DCF3BF5A013561B1842837 /* OnboardingView.swift */,
				572FEF7D43BC0B9826A6BA43 /* RecordingView.swift */,
				CB3AB0AF6C1BBF70B2ABE160 /* RootView.swift */,
				5812FF85E2A118A4CD275DA2 /* SettingsView.swift */,
				ADBC8B16BA9DD5690D2A0A92 /* TranscriptBubbles.swift */,
			);
			path = Views;
			sourceTree = "<group>";
		};
		E1858354EF8E47D221F556C4 /* Transcribe */ = {
			isa = PBXGroup;
			children = (
				D26FFC1863524AFAC3F4C04B /* Assets.xcassets */,
				93F55AFDD7822EBF1457958A /* Info.plist */,
				6A42B7422CD0DB4F1D061C4F /* InfoPlist.xcstrings */,
				3E6BF1BB1EDE71D2AD9748AA /* Localizable.xcstrings */,
				35D300C57CF5CD93A50DFD21 /* App */,
				41B3AD1DCEB3B5F21B47839E /* Models */,
				E3022E9D08928A584E144183 /* Resources */,
				870ED3BB74D80AACBCACA1E7 /* Services */,
				AE24239CCEC7D4833E8675E4 /* Storage */,
				DF4A2198F11CFD39AB4D1D21 /* Views */,
			);
			path = Transcribe;
			sourceTree = "<group>";
		};
		E3022E9D08928A584E144183 /* Resources */ = {
			isa = PBXGroup;
			children = (
				9568403501DBB7E311F1F121 /* OnboardingHeroLoop.mp4 */,
			);
			path = Resources;
			sourceTree = "<group>";
		};
/* End PBXGroup section */

/* Begin PBXNativeTarget section */
		46A5956DD7DF9216238D82C1 /* TranscribeTests */ = {
			isa = PBXNativeTarget;
			buildConfigurationList = 22D8BA4A09988A82DA68F5AA /* Build configuration list for PBXNativeTarget "TranscribeTests" */;
			buildPhases = (
				FC96015716BC5368E8EE6A2F /* Sources */,
			);
			buildRules = (
			);
			dependencies = (
				06D47F218B7FC312A1E230CE /* PBXTargetDependency */,
			);
			name = TranscribeTests;
			packageProductDependencies = (
			);
			productName = TranscribeTests;
			productReference = 0416E8F937C4ACCF68EF72A2 /* TranscribeTests.xctest */;
			productType = "com.apple.product-type.bundle.unit-test";
		};
		9C087B0DF682F0E55E463859 /* Transcribe */ = {
			isa = PBXNativeTarget;
			buildConfigurationList = D487038BBCA78681CBE06909 /* Build configuration list for PBXNativeTarget "Transcribe" */;
			buildPhases = (
				B56C793A77EE4F3EA118DEE3 /* Sources */,
				27B9FC0899ABFB52EF70F351 /* Resources */,
			);
			buildRules = (
			);
			dependencies = (
			);
			name = Transcribe;
			packageProductDependencies = (
			);
			productName = Transcribe;
			productReference = 3D5D1F6F0BA4814D510824ED /* Transcribe.app */;
			productType = "com.apple.product-type.application";
		};
/* End PBXNativeTarget section */

/* Begin PBXProject section */
		2DBF70E5C0A563F5311472A7 /* Project object */ = {
			isa = PBXProject;
			attributes = {
				BuildIndependentTargetsInParallel = YES;
				LastUpgradeCheck = 1430;
				TargetAttributes = {
					46A5956DD7DF9216238D82C1 = {
						DevelopmentTeam = 7QTC8MU95P;
						ProvisioningStyle = Automatic;
					};
					9C087B0DF682F0E55E463859 = {
						DevelopmentTeam = 7QTC8MU95P;
						ProvisioningStyle = Automatic;
					};
				};
			};
			buildConfigurationList = 339120CDF05703208469690D /* Build configuration list for PBXProject "Transcribe" */;
			developmentRegion = "pt-BR";
			hasScannedForEncodings = 0;
			knownRegions = (
				Base,
				en,
				es,
				fr,
				"pt-BR",
			);
			mainGroup = C0D954AD8F67B5F867A59DE3;
			minimizedProjectReferenceProxies = 1;
			preferredProjectObjectVersion = 77;
			productRefGroup = 0A10C391296C93318D1ADF3B /* Products */;
			projectDirPath = "";
			projectRoot = "";
			targets = (
				9C087B0DF682F0E55E463859 /* Transcribe */,
				46A5956DD7DF9216238D82C1 /* TranscribeTests */,
			);
		};
/* End PBXProject section */

/* Begin PBXResourcesBuildPhase section */
		27B9FC0899ABFB52EF70F351 /* Resources */ = {
			isa = PBXResourcesBuildPhase;
			buildActionMask = 2147483647;
			files = (
				E725174DE2E37527D772E68C /* Assets.xcassets in Resources */,
				07771D95580B1D8A534B91E6 /* InfoPlist.xcstrings in Resources */,
				7AA930F4D2C8C505A7BA6C38 /* Localizable.xcstrings in Resources */,
				2958E98D5F6B1B20203D62BE /* OnboardingHeroLoop.mp4 in Resources */,
			);
			runOnlyForDeploymentPostprocessing = 0;
		};
/* End PBXResourcesBuildPhase section */

/* Begin PBXSourcesBuildPhase section */
		B56C793A77EE4F3EA118DEE3 /* Sources */ = {
			isa = PBXSourcesBuildPhase;
			buildActionMask = 2147483647;
			files = (
				9745299149072E243D1A7439 /* AppState.swift in Sources */,
				4BA65A3914FC5DFBAC801F18 /* AudioDevices.swift in Sources */,
				5EC9968DF751E8EA58652ECF /* CMSampleBuffer+PCM.swift in Sources */,
				DCA4464EF68A847A6F2815F7 /* CalendarMonitor.swift in Sources */,
				2E5C0030FE75F6392E2C7D56 /* CallLinkDetector.swift in Sources */,
				7C4AE2D4DFBA5DF2F7BFDB94 /* ClaudeCodeRunner.swift in Sources */,
				7D03266FBC98528DD8178676 /* ConfirmationDialogs.swift in Sources */,
				82208D9CA85E881952EC331E /* DevSpec.swift in Sources */,
				16EDB292344280FA83425875 /* DevSpecOptions.swift in Sources */,
				F6F23B79CF3389C543937164 /* DevSpecsTips.swift in Sources */,
				1B4FD7A0638D94512D2C9848 /* DevSpecsView.swift in Sources */,
				9A50F57DF9AFEA370A6343B3 /* LoopingVideoView.swift in Sources */,
				78F01AE488073D43E90A6D9A /* Meeting.swift in Sources */,
				CBD78366B7F3A34C72C5E38A /* MeetingDetailView.swift in Sources */,
				85B5D351E886D41C0E8218AD /* MeetingExporter.swift in Sources */,
				0601E56FB1A70616612E1A98 /* MeetingListView.swift in Sources */,
				2421E83DB73237C9D0AD86E6 /* MeetingStore.swift in Sources */,
				8CF2DE3041A64B6DD0C6543F /* MeetingSummary.swift in Sources */,
				C375B6CC4DB7D5AFF4436E37 /* MenuBarView.swift in Sources */,
				9B861A15AA31CC9BA5BDE815 /* MicrophoneCapture.swift in Sources */,
				2A1384CBCE6B6B831331654B /* OnboardingPermissionPanel.swift in Sources */,
				FB5E38D67E0A9AC3456B2ADB /* OnboardingView.swift in Sources */,
				5F54C2DB952F5275C9D4741C /* PermissionsManager.swift in Sources */,
				DD405BDFD63B533C843F2374 /* RecordingSession.swift in Sources */,
				4B5AF987111AF660E1336E82 /* RecordingView.swift in Sources */,
				DA53F7F8D9139F12C53C46FE /* RootView.swift in Sources */,
				4DC3CF5FF542629007292617 /* SettingsView.swift in Sources */,
				47474091E590DAEDD4F566A2 /* Summarizer.swift in Sources */,
				3900E8D7EEEC8912B14F4836 /* SummaryPresets.swift in Sources */,
				43ED93A76A107CB3610BA687 /* SystemAudioCapture.swift in Sources */,
				661BD9294BA1AF00E2F45C3C /* TranscribeApp.swift in Sources */,
				18969BE10AB3A8FD314F7E9E /* Transcriber.swift in Sources */,
				F1739070C90111900A73D835 /* TranscriptBubbles.swift in Sources */,
			);
			runOnlyForDeploymentPostprocessing = 0;
		};
		FC96015716BC5368E8EE6A2F /* Sources */ = {
			isa = PBXSourcesBuildPhase;
			buildActionMask = 2147483647;
			files = (
				C3E24234EE07E3063587AEF7 /* CallLinkDetectorTests.swift in Sources */,
				D67E4AD60A05135E2AFDC89C /* ClaudeCodeRunnerTests.swift in Sources */,
				A6466ED9DEC68E7D6C7D4107 /* PermissionPolicyTests.swift in Sources */,
				FB19DF90BA400BB6ECEFF92C /* SummarizerTests.swift in Sources */,
				7B39F63DDDD68B01B4C89C8A /* TranscriberTests.swift in Sources */,
			);
			runOnlyForDeploymentPostprocessing = 0;
		};
/* End PBXSourcesBuildPhase section */

/* Begin PBXTargetDependency section */
		06D47F218B7FC312A1E230CE /* PBXTargetDependency */ = {
			isa = PBXTargetDependency;
			target = 9C087B0DF682F0E55E463859 /* Transcribe */;
			targetProxy = EA1978AF996DAA60CF95C861 /* PBXContainerItemProxy */;
		};
/* End PBXTargetDependency section */

/* Begin XCBuildConfiguration section */
		2C7804DD6ED821B18735A447 /* Release */ = {
			isa = XCBuildConfiguration;
			buildSettings = {
				BUNDLE_LOADER = "$(TEST_HOST)";
				COMBINE_HIDPI_IMAGES = YES;
				GENERATE_INFOPLIST_FILE = YES;
				LD_RUNPATH_SEARCH_PATHS = (
					"$(inherited)",
					"@executable_path/../Frameworks",
					"@loader_path/../Frameworks",
				);
				PRODUCT_BUNDLE_IDENTIFIER = com.lucasbaggiotto.TranscribeTests;
				SDKROOT = macosx;
				TEST_HOST = "$(BUILT_PRODUCTS_DIR)/Transcribe.app/Contents/MacOS/Transcribe";
			};
			name = Release;
		};
		4F37BC760E3DD164F6895344 /* Debug */ = {
			isa = XCBuildConfiguration;
			buildSettings = {
				BUNDLE_LOADER = "$(TEST_HOST)";
				COMBINE_HIDPI_IMAGES = YES;
				GENERATE_INFOPLIST_FILE = YES;
				LD_RUNPATH_SEARCH_PATHS = (
					"$(inherited)",
					"@executable_path/../Frameworks",
					"@loader_path/../Frameworks",
				);
				PRODUCT_BUNDLE_IDENTIFIER = com.lucasbaggiotto.TranscribeTests;
				SDKROOT = macosx;
				TEST_HOST = "$(BUILT_PRODUCTS_DIR)/Transcribe.app/Contents/MacOS/Transcribe";
			};
			name = Debug;
		};
		9982A6A48C5B422BF16F428B /* Release */ = {
			isa = XCBuildConfiguration;
			buildSettings = {
				ASSETCATALOG_COMPILER_APPICON_NAME = AppIcon;
				COMBINE_HIDPI_IMAGES = YES;
				CURRENT_PROJECT_VERSION = 4;
				INFOPLIST_FILE = Sources/Transcribe/Info.plist;
				LD_RUNPATH_SEARCH_PATHS = (
					"$(inherited)",
					"@executable_path/../Frameworks",
				);
				MARKETING_VERSION = "0.1-alpha";
				PRODUCT_BUNDLE_IDENTIFIER = com.lucasbaggiotto.Transcribe;
				SDKROOT = macosx;
			};
			name = Release;
		};
		D9AA206A3E86DCBF4A2E7261 /* Debug */ = {
			isa = XCBuildConfiguration;
			buildSettings = {
				ALWAYS_SEARCH_USER_PATHS = NO;
				CLANG_ANALYZER_NONNULL = YES;
				CLANG_ANALYZER_NUMBER_OBJECT_CONVERSION = YES_AGGRESSIVE;
				CLANG_CXX_LANGUAGE_STANDARD = "gnu++14";
				CLANG_CXX_LIBRARY = "libc++";
				CLANG_ENABLE_MODULES = YES;
				CLANG_ENABLE_OBJC_ARC = YES;
				CLANG_ENABLE_OBJC_WEAK = YES;
				CLANG_WARN_BLOCK_CAPTURE_AUTORELEASING = YES;
				CLANG_WARN_BOOL_CONVERSION = YES;
				CLANG_WARN_COMMA = YES;
				CLANG_WARN_CONSTANT_CONVERSION = YES;
				CLANG_WARN_DEPRECATED_OBJC_IMPLEMENTATIONS = YES;
				CLANG_WARN_DIRECT_OBJC_ISA_USAGE = YES_ERROR;
				CLANG_WARN_DOCUMENTATION_COMMENTS = YES;
				CLANG_WARN_EMPTY_BODY = YES;
				CLANG_WARN_ENUM_CONVERSION = YES;
				CLANG_WARN_INFINITE_RECURSION = YES;
				CLANG_WARN_INT_CONVERSION = YES;
				CLANG_WARN_NON_LITERAL_NULL_CONVERSION = YES;
				CLANG_WARN_OBJC_IMPLICIT_RETAIN_SELF = YES;
				CLANG_WARN_OBJC_LITERAL_CONVERSION = YES;
				CLANG_WARN_OBJC_ROOT_CLASS = YES_ERROR;
				CLANG_WARN_QUOTED_INCLUDE_IN_FRAMEWORK_HEADER = YES;
				CLANG_WARN_RANGE_LOOP_ANALYSIS = YES;
				CLANG_WARN_STRICT_PROTOTYPES = YES;
				CLANG_WARN_SUSPICIOUS_MOVE = YES;
				CLANG_WARN_UNGUARDED_AVAILABILITY = YES_AGGRESSIVE;
				CLANG_WARN_UNREACHABLE_CODE = YES;
				CLANG_WARN__DUPLICATE_METHOD_MATCH = YES;
				CODE_SIGN_STYLE = Automatic;
				COPY_PHASE_STRIP = NO;
				DEBUG_INFORMATION_FORMAT = dwarf;
				DEVELOPMENT_TEAM = 7QTC8MU95P;
				ENABLE_HARDENED_RUNTIME = NO;
				ENABLE_STRICT_OBJC_MSGSEND = YES;
				ENABLE_TESTABILITY = YES;
				GCC_C_LANGUAGE_STANDARD = gnu11;
				GCC_DYNAMIC_NO_PIC = NO;
				GCC_NO_COMMON_BLOCKS = YES;
				GCC_OPTIMIZATION_LEVEL = 0;
				GCC_PREPROCESSOR_DEFINITIONS = (
					"$(inherited)",
					"DEBUG=1",
				);
				GCC_WARN_64_TO_32_BIT_CONVERSION = YES;
				GCC_WARN_ABOUT_RETURN_TYPE = YES_ERROR;
				GCC_WARN_UNDECLARED_SELECTOR = YES;
				GCC_WARN_UNINITIALIZED_AUTOS = YES_AGGRESSIVE;
				GCC_WARN_UNUSED_FUNCTION = YES;
				GCC_WARN_UNUSED_VARIABLE = YES;
				MACOSX_DEPLOYMENT_TARGET = 26.0;
				MTL_ENABLE_DEBUG_INFO = INCLUDE_SOURCE;
				MTL_FAST_MATH = YES;
				ONLY_ACTIVE_ARCH = YES;
				PRODUCT_NAME = "$(TARGET_NAME)";
				SDKROOT = macosx;
				SWIFT_ACTIVE_COMPILATION_CONDITIONS = DEBUG;
				SWIFT_EMIT_LOC_STRINGS = YES;
				SWIFT_OPTIMIZATION_LEVEL = "-Onone";
				SWIFT_VERSION = 5;
			};
			name = Debug;
		};
		DFC7976ECF696DB67CB3F739 /* Debug */ = {
			isa = XCBuildConfiguration;
			buildSettings = {
				ASSETCATALOG_COMPILER_APPICON_NAME = AppIcon;
				COMBINE_HIDPI_IMAGES = YES;
				CURRENT_PROJECT_VERSION = 4;
				INFOPLIST_FILE = Sources/Transcribe/Info.plist;
				LD_RUNPATH_SEARCH_PATHS = (
					"$(inherited)",
					"@executable_path/../Frameworks",
				);
				MARKETING_VERSION = "0.1-alpha";
				PRODUCT_BUNDLE_IDENTIFIER = com.lucasbaggiotto.Transcribe;
				SDKROOT = macosx;
			};
			name = Debug;
		};
		EBAF5802A505427E9EAB105E /* Release */ = {
			isa = XCBuildConfiguration;
			buildSettings = {
				ALWAYS_SEARCH_USER_PATHS = NO;
				CLANG_ANALYZER_NONNULL = YES;
				CLANG_ANALYZER_NUMBER_OBJECT_CONVERSION = YES_AGGRESSIVE;
				CLANG_CXX_LANGUAGE_STANDARD = "gnu++14";
				CLANG_CXX_LIBRARY = "libc++";
				CLANG_ENABLE_MODULES = YES;
				CLANG_ENABLE_OBJC_ARC = YES;
				CLANG_ENABLE_OBJC_WEAK = YES;
				CLANG_WARN_BLOCK_CAPTURE_AUTORELEASING = YES;
				CLANG_WARN_BOOL_CONVERSION = YES;
				CLANG_WARN_COMMA = YES;
				CLANG_WARN_CONSTANT_CONVERSION = YES;
				CLANG_WARN_DEPRECATED_OBJC_IMPLEMENTATIONS = YES;
				CLANG_WARN_DIRECT_OBJC_ISA_USAGE = YES_ERROR;
				CLANG_WARN_DOCUMENTATION_COMMENTS = YES;
				CLANG_WARN_EMPTY_BODY = YES;
				CLANG_WARN_ENUM_CONVERSION = YES;
				CLANG_WARN_INFINITE_RECURSION = YES;
				CLANG_WARN_INT_CONVERSION = YES;
				CLANG_WARN_NON_LITERAL_NULL_CONVERSION = YES;
				CLANG_WARN_OBJC_IMPLICIT_RETAIN_SELF = YES;
				CLANG_WARN_OBJC_LITERAL_CONVERSION = YES;
				CLANG_WARN_OBJC_ROOT_CLASS = YES_ERROR;
				CLANG_WARN_QUOTED_INCLUDE_IN_FRAMEWORK_HEADER = YES;
				CLANG_WARN_RANGE_LOOP_ANALYSIS = YES;
				CLANG_WARN_STRICT_PROTOTYPES = YES;
				CLANG_WARN_SUSPICIOUS_MOVE = YES;
				CLANG_WARN_UNGUARDED_AVAILABILITY = YES_AGGRESSIVE;
				CLANG_WARN_UNREACHABLE_CODE = YES;
				CLANG_WARN__DUPLICATE_METHOD_MATCH = YES;
				CODE_SIGN_STYLE = Automatic;
				COPY_PHASE_STRIP = NO;
				DEBUG_INFORMATION_FORMAT = "dwarf-with-dsym";
				DEVELOPMENT_TEAM = 7QTC8MU95P;
				ENABLE_HARDENED_RUNTIME = NO;
				ENABLE_NS_ASSERTIONS = NO;
				ENABLE_STRICT_OBJC_MSGSEND = YES;
				GCC_C_LANGUAGE_STANDARD = gnu11;
				GCC_NO_COMMON_BLOCKS = YES;
				GCC_WARN_64_TO_32_BIT_CONVERSION = YES;
				GCC_WARN_ABOUT_RETURN_TYPE = YES_ERROR;
				GCC_WARN_UNDECLARED_SELECTOR = YES;
				GCC_WARN_UNINITIALIZED_AUTOS = YES_AGGRESSIVE;
				GCC_WARN_UNUSED_FUNCTION = YES;
				GCC_WARN_UNUSED_VARIABLE = YES;
				MACOSX_DEPLOYMENT_TARGET = 26.0;
				MTL_ENABLE_DEBUG_INFO = NO;
				MTL_FAST_MATH = YES;
				PRODUCT_NAME = "$(TARGET_NAME)";
				SDKROOT = macosx;
				SWIFT_COMPILATION_MODE = wholemodule;
				SWIFT_EMIT_LOC_STRINGS = YES;
				SWIFT_OPTIMIZATION_LEVEL = "-O";
				SWIFT_VERSION = 5;
			};
			name = Release;
		};
/* End XCBuildConfiguration section */

/* Begin XCConfigurationList section */
		22D8BA4A09988A82DA68F5AA /* Build configuration list for PBXNativeTarget "TranscribeTests" */ = {
			isa = XCConfigurationList;
			buildConfigurations = (
				4F37BC760E3DD164F6895344 /* Debug */,
				2C7804DD6ED821B18735A447 /* Release */,
			);
			defaultConfigurationIsVisible = 0;
			defaultConfigurationName = Debug;
		};
		339120CDF05703208469690D /* Build configuration list for PBXProject "Transcribe" */ = {
			isa = XCConfigurationList;
			buildConfigurations = (
				D9AA206A3E86DCBF4A2E7261 /* Debug */,
				EBAF5802A505427E9EAB105E /* Release */,
			);
			defaultConfigurationIsVisible = 0;
			defaultConfigurationName = Debug;
		};
		D487038BBCA78681CBE06909 /* Build configuration list for PBXNativeTarget "Transcribe" */ = {
			isa = XCConfigurationList;
			buildConfigurations = (
				DFC7976ECF696DB67CB3F739 /* Debug */,
				9982A6A48C5B422BF16F428B /* Release */,
			);
			defaultConfigurationIsVisible = 0;
			defaultConfigurationName = Debug;
		};
/* End XCConfigurationList section */
	};
	rootObject = 2DBF70E5C0A563F5311472A7 /* Project object */;
}
